# THIS IS AN AUTOGENERATED FILE. DO NOT EDIT THIS FILE DIRECTLY.
# yarn lockfile v1


"@augu/immutable@0.0.1":
  version "0.0.1"
  resolved "https://registry.yarnpkg.com/@augu/immutable/-/immutable-0.0.1.tgz#78db3c49fb0db440292da538d4f9290708e81e8b"
  integrity sha512-supk62fCnRMzSg/Dv0r2lrYQyLzWZmHepqtMku91Bw1PaNjCh0TYNkPFd2CkKM4PU/Yhmag5Wpoxd2EgEnHeIg==

"@types/bson@*":
  version "4.0.0"
  resolved "https://registry.yarnpkg.com/@types/bson/-/bson-4.0.0.tgz#9073772679d749116eb1dfca56f8eaac6d59cc7a"
  integrity sha512-pq/rqJwJWkbS10crsG5bgnrisL8pML79KlMKQMoQwLUjlPAkrUHMvHJ3oGwE7WHR61Lv/nadMwXVAD2b+fpD8Q==
  dependencies:
    "@types/node" "*"

"@types/mongodb@*":
  version "3.1.28"
  resolved "https://registry.yarnpkg.com/@types/mongodb/-/mongodb-3.1.28.tgz#c049cdff343788d77f5cc8c5f2e4af72ba7d047b"
  integrity sha512-tG+QqJ/hir2p0069ee28t2O9tlGRJKDq1WFZC2QYMlU47LGdldLL8tepfTq6aFLvP58OpwSoxaJ/qjW93ob1NQ==
  dependencies:
    "@types/bson" "*"
    "@types/node" "*"

"@types/mongoose@5.5.7":
  version "5.5.7"
  resolved "https://registry.yarnpkg.com/@types/mongoose/-/mongoose-5.5.7.tgz#fb39d79f81527eb19b15095fb8c23bc649a3354d"
  integrity sha512-bQTgH19lwY56T4YE6YTeobTtJ4EVTqP8ST5lFxjecPHC+/ebpHU8W01by4KEGSg5AeWFWVCePUi44wHuFzbxDQ==
  dependencies:
    "@types/mongodb" "*"
    "@types/node" "*"

"@types/node@*":
  version "12.0.12"
  resolved "https://registry.yarnpkg.com/@types/node/-/node-12.0.12.tgz#cc791b402360db1eaf7176479072f91ee6c6c7ca"
  integrity sha512-Uy0PN4R5vgBUXFoJrKryf5aTk3kJ8Rv3PdlHjl6UaX+Cqp1QE0yPQ68MPXGrZOfG7gZVNDIJZYyot0B9ubXUrQ==

"@types/node@12.0.10":
  version "12.0.10"
  resolved "https://registry.yarnpkg.com/@types/node/-/node-12.0.10.tgz#51babf9c7deadd5343620055fc8aff7995c8b031"
  integrity sha512-LcsGbPomWsad6wmMNv7nBLw7YYYyfdYcz6xryKYQhx89c3XXan+8Q6AJ43G5XDIaklaVkK3mE4fCb0SBvMiPSQ==

async-limiter@~1.0.0:
  version "1.0.0"
  resolved "https://registry.yarnpkg.com/async-limiter/-/async-limiter-1.0.0.tgz#78faed8c3d074ab81f22b4e985d79e8738f720f8"
  integrity sha512-jp/uFnooOiO+L211eZOoSyzpOITMXx1rBITauYykG3BRYPu8h0UcxsPNB04RR5vo4Tyz3+ay17tR6JVf9qzYWg==

eris@0.10.0:
  version "0.10.0"
  resolved "https://registry.yarnpkg.com/eris/-/eris-0.10.0.tgz#cfc3ba5721fe3c116e4f3dac5a2bb07b00ff7558"
  integrity sha512-xAvmD4wsE5mwuiP+wy8RiarjiuwCylSsglKqru4J4sk0/WGOnSOfEZf43YLx/TcF4J1D4B2VMTq38446Bk1x1Q==
  dependencies:
    ws "^6.0.0"
  optionalDependencies:
    opusscript "^0.0.4"
    tweetnacl "^1.0.0"

opusscript@^0.0.4:
  version "0.0.4"
  resolved "https://registry.yarnpkg.com/opusscript/-/opusscript-0.0.4.tgz#c718edcfdcd2a1f55fadb266dd07268d4a46afde"
  integrity sha512-bEPZFE2lhUJYQD5yfTFO4RhbRZ937x6hRwBC1YoGacT35bwDVwKFP1+amU8NYfZL/v4EU7ZTU3INTqzYAnuP7Q==

tweetnacl@^1.0.0:
  version "1.0.0"
  resolved "https://registry.yarnpkg.com/tweetnacl/-/tweetnacl-1.0.0.tgz#713d8b818da42068740bf68386d0479e66fc8a7b"
  integrity sha1-cT2LgY2kIGh0C/aDhtBHnmb8ins=

typescript@3.5.2:
  version "3.5.2"
  resolved "https://registry.yarnpkg.com/typescript/-/typescript-3.5.2.tgz#a09e1dc69bc9551cadf17dba10ee42cf55e5d56c"
  integrity sha512-7KxJovlYhTX5RaRbUdkAXN1KUZ8PwWlTzQdHV6xNqvuFOs7+WBo10TQUqT19Q/Jz2hk5v9TQDIhyLhhJY4p5AA==

ws@^6.0.0:
  version "6.1.2"
  resolved "https://registry.yarnpkg.com/ws/-/ws-6.1.2.tgz#3cc7462e98792f0ac679424148903ded3b9c3ad8"
  integrity sha512-rfUqzvz0WxmSXtJpPMX2EeASXabOrSMk1ruMOV3JBTBjo4ac2lDjGGsbQSyxj8Odhw5fBib8ZKEjDNvgouNKYw==
  dependencies:
    async-limiter "~1.0.0"

yotsuba@0.0.3:
  version "0.0.3"
  resolved "https://registry.yarnpkg.com/yotsuba/-/yotsuba-0.0.3.tgz#ac82e1aeaa998fc1c3f0a10695f3875250149f13"
  integrity sha512-Znx6feJer0mSDoEbcxzAGmpjPi6A57sEGfa+L33bx8xfxPCSlmVQ0R+97RCF2cnJdA5FSQCIl//f6ZZm8iOa5w==
  dependencies:
    "@augu/immutable" "0.0.1"
